
Microsoft Visual Studio Solution File, Format Version 12.00
# Visual Studio Version 17
VisualStudioVersion = 17.3.32922.545
MinimumVisualStudioVersion = 10.0.40219.1
Project("{8BC9CEB8-8B4A-11D0-8D11-00A0C91BC942}") = "Engine", "Engine\Engine.vcxproj", "{3CA8E803-D81A-4823-90FE-FEEB1DEE73D9}"
EndProject
Project("{8BC9CEB8-8B4A-11D0-8D11-00A0C91BC942}") = "Editor", "Editor\Editor.vcxproj", "{E0E7589D-4323-40FC-9D49-79D9BD6A9972}"
EndProject
Project("{8BC9CEB8-8B4A-11D0-8D11-00A0C91BC942}") = "Sandbox", "Sandbox\Sandbox.vcxproj", "{280B44A5-2650-4257-B8ED-EC436DEE8865}"
EndProject
Project("{2150E333-8FDC-42A3-9474-1A3956D46DE8}") = "Dependencies", "Dependencies", "{26D48B20-987C-4133-B30F-EE194665D144}"
EndProject
Project("{8BC9CEB8-8B4A-11D0-8D11-00A0C91BC942}") = "EnTT", "Dependencies\EnTT\EnTT.vcxproj", "{92011705-82A1-4FDD-950C-65C25E0A2BC6}"
EndProject
Project("{8BC9CEB8-8B4A-11D0-8D11-00A0C91BC942}") = "glfw", "Dependencies\glfw\glfw.vcxproj", "{A9E3C93B-9481-4001-B47E-D89089944351}"
EndProject
Project("{8BC9CEB8-8B4A-11D0-8D11-00A0C91BC942}") = "glm", "Dependencies\glm\glm.vcxproj", "{6703417E-677E-4894-B028-0421ACCF9BEA}"
EndProject
Project("{8BC9CEB8-8B4A-11D0-8D11-00A0C91BC942}") = "imgui", "Dependencies\imgui\imgui.vcxproj", "{CFBF84E4-6431-42E3-9723-BF195D1831B7}"
EndProject
Project("{8BC9CEB8-8B4A-11D0-8D11-00A0C91BC942}") = "spdlog", "Dependencies\spdlog\spdlog.vcxproj", "{C31F36EE-B048-4591-9BDC-51BAA2DDEC60}"
EndProject
Project("{8BC9CEB8-8B4A-11D0-8D11-00A0C91BC942}") = "stb_image", "Dependencies\stb_image\stb_image.vcxproj", "{9B3A36B5-42EA-45DD-B0C5-9BE9D6B0D9A5}"
EndProject
Project("{8BC9CEB8-8B4A-11D0-8D11-00A0C91BC942}") = "tinyobjloader", "Dependencies\tinyobjloader\tinyobjloader.vcxproj", "{74A5561B-40F6-4160-B0C1-0A1CDA26D89E}"
EndProject
Project("{8BC9CEB8-8B4A-11D0-8D11-00A0C91BC942}") = "vulkan", "Dependencies\vulkan\vulkan.vcxproj", "{158A1A27-9DD8-4BD0-9591-A92500A46E5D}"
EndProject
Global
	GlobalSection(SolutionConfigurationPlatforms) = preSolution
		Debug|x64 = Debug|x64
		Debug|x86 = Debug|x86
		Release|x64 = Release|x64
		Release|x86 = Release|x86
	EndGlobalSection
	GlobalSection(ProjectConfigurationPlatforms) = postSolution
		{3CA8E803-D81A-4823-90FE-FEEB1DEE73D9}.Debug|x64.ActiveCfg = Debug|x64
		{3CA8E803-D81A-4823-90FE-FEEB1DEE73D9}.Debug|x64.Build.0 = Debug|x64
		{3CA8E803-D81A-4823-90FE-FEEB1DEE73D9}.Debug|x86.ActiveCfg = Debug|Win32
		{3CA8E803-D81A-4823-90FE-FEEB1DEE73D9}.Debug|x86.Build.0 = Debug|Win32
		{3CA8E803-D81A-4823-90FE-FEEB1DEE73D9}.Release|x64.ActiveCfg = Release|x64
		{3CA8E803-D81A-4823-90FE-FEEB1DEE73D9}.Release|x64.Build.0 = Release|x64
		{3CA8E803-D81A-4823-90FE-FEEB1DEE73D9}.Release|x86.ActiveCfg = Release|Win32
		{3CA8E803-D81A-4823-90FE-FEEB1DEE73D9}.Release|x86.Build.0 = Release|Win32
		{E0E7589D-4323-40FC-9D49-79D9BD6A9972}.Debug|x64.ActiveCfg = Debug|x64
		{E0E7589D-4323-40FC-9D49-79D9BD6A9972}.Debug|x64.Build.0 = Debug|x64
		{E0E7589D-4323-40FC-9D49-79D9BD6A9972}.Debug|x86.ActiveCfg = Debug|Win32
		{E0E7589D-4323-40FC-9D49-79D9BD6A9972}.Debug|x86.Build.0 = Debug|Win32
		{E0E7589D-4323-40FC-9D49-79D9BD6A9972}.Release|x64.ActiveCfg = Release|x64
		{E0E7589D-4323-40FC-9D49-79D9BD6A9972}.Release|x64.Build.0 = Release|x64
		{E0E7589D-4323-40FC-9D49-79D9BD6A9972}.Release|x86.ActiveCfg = Release|Win32
		{E0E7589D-4323-40FC-9D49-79D9BD6A9972}.Release|x86.Build.0 = Release|Win32
		{280B44A5-2650-4257-B8ED-EC436DEE8865}.Debug|x64.ActiveCfg = Debug|x64
		{280B44A5-2650-4257-B8ED-EC436DEE8865}.Debug|x64.Build.0 = Debug|x64
		{280B44A5-2650-4257-B8ED-EC436DEE8865}.Debug|x86.ActiveCfg = Debug|Win32
		{280B44A5-2650-4257-B8ED-EC436DEE8865}.Debug|x86.Build.0 = Debug|Win32
		{280B44A5-2650-4257-B8ED-EC436DEE8865}.Release|x64.ActiveCfg = Release|x64
		{280B44A5-2650-4257-B8ED-EC436DEE8865}.Release|x64.Build.0 = Release|x64
		{280B44A5-2650-4257-B8ED-EC436DEE8865}.Release|x86.ActiveCfg = Release|Win32
		{280B44A5-2650-4257-B8ED-EC436DEE8865}.Release|x86.Build.0 = Release|Win32
		{92011705-82A1-4FDD-950C-65C25E0A2BC6}.Debug|x64.ActiveCfg = Debug|x64
		{92011705-82A1-4FDD-950C-65C25E0A2BC6}.Debug|x64.Build.0 = Debug|x64
		{92011705-82A1-4FDD-950C-65C25E0A2BC6}.Debug|x86.ActiveCfg = Debug|Win32
		{92011705-82A1-4FDD-950C-65C25E0A2BC6}.Debug|x86.Build.0 = Debug|Win32
		{92011705-82A1-4FDD-950C-65C25E0A2BC6}.Release|x64.ActiveCfg = Release|x64
		{92011705-82A1-4FDD-950C-65C25E0A2BC6}.Release|x64.Build.0 = Release|x64
		{92011705-82A1-4FDD-950C-65C25E0A2BC6}.Release|x86.ActiveCfg = Release|Win32
		{92011705-82A1-4FDD-950C-65C25E0A2BC6}.Release|x86.Build.0 = Release|Win32
		{A9E3C93B-9481-4001-B47E-D89089944351}.Debug|x64.ActiveCfg = Debug|x64
		{A9E3C93B-9481-4001-B47E-D89089944351}.Debug|x64.Build.0 = Debug|x64
		{A9E3C93B-9481-4001-B47E-D89089944351}.Debug|x86.ActiveCfg = Debug|Win32
		{A9E3C93B-9481-4001-B47E-D89089944351}.Debug|x86.Build.0 = Debug|Win32
		{A9E3C93B-9481-4001-B47E-D89089944351}.Release|x64.ActiveCfg = Release|x64
		{A9E3C93B-9481-4001-B47E-D89089944351}.Release|x64.Build.0 = Release|x64
		{A9E3C93B-9481-4001-B47E-D89089944351}.Release|x86.ActiveCfg = Release|Win32
		{A9E3C93B-9481-4001-B47E-D89089944351}.Release|x86.Build.0 = Release|Win32
		{6703417E-677E-4894-B028-0421ACCF9BEA}.Debug|x64.ActiveCfg = Debug|x64
		{6703417E-677E-4894-B028-0421ACCF9BEA}.Debug|x64.Build.0 = Debug|x64
		{6703417E-677E-4894-B028-0421ACCF9BEA}.Debug|x86.ActiveCfg = Debug|Win32
		{6703417E-677E-4894-B028-0421ACCF9BEA}.Debug|x86.Build.0 = Debug|Win32
		{6703417E-677E-4894-B028-0421ACCF9BEA}.Release|x64.ActiveCfg = Release|x64
		{6703417E-677E-4894-B028-0421ACCF9BEA}.Release|x64.Build.0 = Release|x64
		{6703417E-677E-4894-B028-0421ACCF9BEA}.Release|x86.ActiveCfg = Release|Win32
		{6703417E-677E-4894-B028-0421ACCF9BEA}.Release|x86.Build.0 = Release|Win32
		{CFBF84E4-6431-42E3-9723-BF195D1831B7}.Debug|x64.ActiveCfg = Debug|x64
		{CFBF84E4-6431-42E3-9723-BF195D1831B7}.Debug|x64.Build.0 = Debug|x64
		{CFBF84E4-6431-42E3-9723-BF195D1831B7}.Debug|x86.ActiveCfg = Debug|Win32
		{CFBF84E4-6431-42E3-9723-BF195D1831B7}.Debug|x86.Build.0 = Debug|Win32
		{CFBF84E4-6431-42E3-9723-BF195D1831B7}.Release|x64.ActiveCfg = Release|x64
		{CFBF84E4-6431-42E3-9723-BF195D1831B7}.Release|x64.Build.0 = Release|x64
		{CFBF84E4-6431-42E3-9723-BF195D1831B7}.Release|x86.ActiveCfg = Release|Win32
		{CFBF84E4-6431-42E3-9723-BF195D1831B7}.Release|x86.Build.0 = Release|Win32
		{C31F36EE-B048-4591-9BDC-51BAA2DDEC60}.Debug|x64.ActiveCfg = Debug|x64
		{C31F36EE-B048-4591-9BDC-51BAA2DDEC60}.Debug|x64.Build.0 = Debug|x64
		{C31F36EE-B048-4591-9BDC-51BAA2DDEC60}.Debug|x86.ActiveCfg = Debug|Win32
		{C31F36EE-B048-4591-9BDC-51BAA2DDEC60}.Debug|x86.Build.0 = Debug|Win32
		{C31F36EE-B048-4591-9BDC-51BAA2DDEC60}.Release|x64.ActiveCfg = Release|x64
		{C31F36EE-B048-4591-9BDC-51BAA2DDEC60}.Release|x64.Build.0 = Release|x64
		{C31F36EE-B048-4591-9BDC-51BAA2DDEC60}.Release|x86.ActiveCfg = Release|Win32
		{C31F36EE-B048-4591-9BDC-51BAA2DDEC60}.Release|x86.Build.0 = Release|Win32
		{9B3A36B5-42EA-45DD-B0C5-9BE9D6B0D9A5}.Debug|x64.ActiveCfg = Debug|x64
		{9B3A36B5-42EA-45DD-B0C5-9BE9D6B0D9A5}.Debug|x64.Build.0 = Debug|x64
		{9B3A36B5-42EA-45DD-B0C5-9BE9D6B0D9A5}.Debug|x86.ActiveCfg = Debug|Win32
		{9B3A36B5-42EA-45DD-B0C5-9BE9D6B0D9A5}.Debug|x86.Build.0 = Debug|Win32
		{9B3A36B5-42EA-45DD-B0C5-9BE9D6B0D9A5}.Release|x64.ActiveCfg = Release|x64
		{9B3A36B5-42EA-45DD-B0C5-9BE9D6B0D9A5}.Release|x64.Build.0 = Release|x64
		{9B3A36B5-42EA-45DD-B0C5-9BE9D6B0D9A5}.Release|x86.ActiveCfg = Release|Win32
		{9B3A36B5-42EA-45DD-B0C5-9BE9D6B0D9A5}.Release|x86.Build.0 = Release|Win32
		{74A5561B-40F6-4160-B0C1-0A1CDA26D89E}.Debug|x64.ActiveCfg = Debug|x64
		{74A5561B-40F6-4160-B0C1-0A1CDA26D89E}.Debug|x64.Build.0 = Debug|x64
		{74A5561B-40F6-4160-B0C1-0A1CDA26D89E}.Debug|x86.ActiveCfg = Debug|Win32
		{74A5561B-40F6-4160-B0C1-0A1CDA26D89E}.Debug|x86.Build.0 = Debug|Win32
		{74A5561B-40F6-4160-B0C1-0A1CDA26D89E}.Release|x64.ActiveCfg = Release|x64
		{74A5561B-40F6-4160-B0C1-0A1CDA26D89E}.Release|x64.Build.0 = Release|x64
		{74A5561B-40F6-4160-B0C1-0A1CDA26D89E}.Release|x86.ActiveCfg = Release|Win32
		{74A5561B-40F6-4160-B0C1-0A1CDA26D89E}.Release|x86.Build.0 = Release|Win32
		{158A1A27-9DD8-4BD0-9591-A92500A46E5D}.Debug|x64.ActiveCfg = Debug|x64
		{158A1A27-9DD8-4BD0-9591-A92500A46E5D}.Debug|x64.Build.0 = Debug|x64
		{158A1A27-9DD8-4BD0-9591-A92500A46E5D}.Debug|x86.ActiveCfg = Debug|Win32
		{158A1A27-9DD8-4BD0-9591-A92500A46E5D}.Debug|x86.Build.0 = Debug|Win32
		{158A1A27-9DD8-4BD0-9591-A92500A46E5D}.Release|x64.ActiveCfg = Release|x64
		{158A1A27-9DD8-4BD0-9591-A92500A46E5D}.Release|x64.Build.0 = Release|x64
		{158A1A27-9DD8-4BD0-9591-A92500A46E5D}.Release|x86.ActiveCfg = Release|Win32
		{158A1A27-9DD8-4BD0-9591-A92500A46E5D}.Release|x86.Build.0 = Release|Win32
	EndGlobalSection
	GlobalSection(SolutionProperties) = preSolution
		HideSolutionNode = FALSE
	EndGlobalSection
	GlobalSection(NestedProjects) = preSolution
		{92011705-82A1-4FDD-950C-65C25E0A2BC6} = {26D48B20-987C-4133-B30F-EE194665D144}
		{A9E3C93B-9481-4001-B47E-D89089944351} = {26D48B20-987C-4133-B30F-EE194665D144}
		{6703417E-677E-4894-B028-0421ACCF9BEA} = {26D48B20-987C-4133-B30F-EE194665D144}
		{CFBF84E4-6431-42E3-9723-BF195D1831B7} = {26D48B20-987C-4133-B30F-EE194665D144}
		{C31F36EE-B048-4591-9BDC-51BAA2DDEC60} = {26D48B20-987C-4133-B30F-EE194665D144}
		{9B3A36B5-42EA-45DD-B0C5-9BE9D6B0D9A5} = {26D48B20-987C-4133-B30F-EE194665D144}
		{74A5561B-40F6-4160-B0C1-0A1CDA26D89E} = {26D48B20-987C-4133-B30F-EE194665D144}
		{158A1A27-9DD8-4BD0-9591-A92500A46E5D} = {26D48B20-987C-4133-B30F-EE194665D144}
	EndGlobalSection
	GlobalSection(ExtensibilityGlobals) = postSolution
		SolutionGuid = {165B5874-9F00-47B0-9769-5214A6F2A505}
	EndGlobalSection
EndGlobal
