<?xml version="1.0" encoding="utf-8"?>
<Project ToolsVersion="4.0" xmlns="http://schemas.microsoft.com/developer/msbuild/2003">
  <ItemGroup>
    <Filter Include="Quelldateien">
      <UniqueIdentifier>{4FC737F1-C7A5-4376-A066-2A32D752A2FF}</UniqueIdentifier>
      <Extensions>cpp;c;cc;cxx;c++;cppm;ixx;def;odl;idl;hpj;bat;asm;asmx</Extensions>
    </Filter>
    <Filter Include="Headerdateien">
      <UniqueIdentifier>{93995380-89BD-4b04-88EB-625FBE52EBFB}</UniqueIdentifier>
      <Extensions>h;hh;hpp;hxx;h++;hm;inl;inc;ipp;xsd</Extensions>
    </Filter>
    <Filter Include="Ressourcendateien">
      <UniqueIdentifier>{67DA6AB6-F800-4c08-8B7A-83BB121AAD01}</UniqueIdentifier>
      <Extensions>rc;ico;cur;bmp;dlg;rc2;rct;bin;rgs;gif;jpg;jpeg;jpe;resx;tiff;tif;png;wav;mfcribbon-ms</Extensions>
    </Filter>
  </ItemGroup>
  <ItemGroup>
    <ClInclude Include="Include\vulkan\vulkan_xlib_xrandr.h">
      <Filter>Headerdateien</Filter>
    </ClInclude>
    <ClInclude Include="Include\dxc\dxcapi.h">
      <Filter>Headerdateien</Filter>
    </ClInclude>
    <ClInclude Include="Include\glslang\Include\arrays.h">
      <Filter>Headerdateien</Filter>
    </ClInclude>
    <ClInclude Include="Include\glslang\Include\BaseTypes.h">
      <Filter>Headerdateien</Filter>
    </ClInclude>
    <ClInclude Include="Include\glslang\Include\Common.h">
      <Filter>Headerdateien</Filter>
    </ClInclude>
    <ClInclude Include="Include\glslang\Include\ConstantUnion.h">
      <Filter>Headerdateien</Filter>
    </ClInclude>
    <ClInclude Include="Include\glslang\Include\intermediate.h">
      <Filter>Headerdateien</Filter>
    </ClInclude>
    <ClInclude Include="Include\glslang\Include\PoolAlloc.h">
      <Filter>Headerdateien</Filter>
    </ClInclude>
    <ClInclude Include="Include\glslang\Include\ResourceLimits.h">
      <Filter>Headerdateien</Filter>
    </ClInclude>
    <ClInclude Include="Include\glslang\Include\SpirvIntrinsics.h">
      <Filter>Headerdateien</Filter>
    </ClInclude>
    <ClInclude Include="Include\glslang\Include\Types.h">
      <Filter>Headerdateien</Filter>
    </ClInclude>
    <ClInclude Include="Include\glslang\MachineIndependent\localintermediate.h">
      <Filter>Headerdateien</Filter>
    </ClInclude>
    <ClInclude Include="Include\glslang\MachineIndependent\Versions.h">
      <Filter>Headerdateien</Filter>
    </ClInclude>
    <ClInclude Include="Include\glslang\Public\ShaderLang.h">
      <Filter>Headerdateien</Filter>
    </ClInclude>
    <ClInclude Include="Include\glslang\SPIRV\GlslangToSpv.h">
      <Filter>Headerdateien</Filter>
    </ClInclude>
    <ClInclude Include="Include\glslang\SPIRV\Logger.h">
      <Filter>Headerdateien</Filter>
    </ClInclude>
    <ClInclude Include="Include\glslang\SPIRV\spirv.hpp">
      <Filter>Headerdateien</Filter>
    </ClInclude>
    <ClInclude Include="Include\glslang\SPIRV\spvIR.h">
      <Filter>Headerdateien</Filter>
    </ClInclude>
    <ClInclude Include="Include\glslang\SPIRV\SPVRemapper.h">
      <Filter>Headerdateien</Filter>
    </ClInclude>
    <ClInclude Include="Include\glslang\SPIRV\SpvTools.h">
      <Filter>Headerdateien</Filter>
    </ClInclude>
    <ClInclude Include="Include\shaderc\env.h">
      <Filter>Headerdateien</Filter>
    </ClInclude>
    <ClInclude Include="Include\shaderc\shaderc.h">
      <Filter>Headerdateien</Filter>
    </ClInclude>
    <ClInclude Include="Include\shaderc\shaderc.hpp">
      <Filter>Headerdateien</Filter>
    </ClInclude>
    <ClInclude Include="Include\shaderc\status.h">
      <Filter>Headerdateien</Filter>
    </ClInclude>
    <ClInclude Include="Include\shaderc\visibility.h">
      <Filter>Headerdateien</Filter>
    </ClInclude>
    <ClInclude Include="Include\spirv_cross\GLSL.std.450.h">
      <Filter>Headerdateien</Filter>
    </ClInclude>
    <ClInclude Include="Include\spirv_cross\spirv.h">
      <Filter>Headerdateien</Filter>
    </ClInclude>
    <ClInclude Include="Include\spirv_cross\spirv.hpp">
      <Filter>Headerdateien</Filter>
    </ClInclude>
    <ClInclude Include="Include\spirv_cross\spirv_cfg.hpp">
      <Filter>Headerdateien</Filter>
    </ClInclude>
    <ClInclude Include="Include\spirv_cross\spirv_common.hpp">
      <Filter>Headerdateien</Filter>
    </ClInclude>
    <ClInclude Include="Include\spirv_cross\spirv_cross.hpp">
      <Filter>Headerdateien</Filter>
    </ClInclude>
    <ClInclude Include="Include\spirv_cross\spirv_cross_c.h">
      <Filter>Headerdateien</Filter>
    </ClInclude>
    <ClInclude Include="Include\spirv_cross\spirv_cross_containers.hpp">
      <Filter>Headerdateien</Filter>
    </ClInclude>
    <ClInclude Include="Include\spirv_cross\spirv_cross_error_handling.hpp">
      <Filter>Headerdateien</Filter>
    </ClInclude>
    <ClInclude Include="Include\spirv_cross\spirv_cross_parsed_ir.hpp">
      <Filter>Headerdateien</Filter>
    </ClInclude>
    <ClInclude Include="Include\spirv_cross\spirv_glsl.hpp">
      <Filter>Headerdateien</Filter>
    </ClInclude>
    <ClInclude Include="Include\spirv_cross\spirv_hlsl.hpp">
      <Filter>Headerdateien</Filter>
    </ClInclude>
    <ClInclude Include="Include\spirv_cross\spirv_msl.hpp">
      <Filter>Headerdateien</Filter>
    </ClInclude>
    <ClInclude Include="Include\spirv_cross\spirv_parser.hpp">
      <Filter>Headerdateien</Filter>
    </ClInclude>
    <ClInclude Include="Include\spirv_cross\spirv_reflect.hpp">
      <Filter>Headerdateien</Filter>
    </ClInclude>
    <ClInclude Include="Include\spirv-headers\GLSL.std.450.h">
      <Filter>Headerdateien</Filter>
    </ClInclude>
    <ClInclude Include="Include\spirv-headers\spirv.h">
      <Filter>Headerdateien</Filter>
    </ClInclude>
    <ClInclude Include="Include\spirv-headers\spirv.hpp">
      <Filter>Headerdateien</Filter>
    </ClInclude>
    <ClInclude Include="Include\spirv-tools\libspirv.h">
      <Filter>Headerdateien</Filter>
    </ClInclude>
    <ClInclude Include="Include\spirv-tools\libspirv.hpp">
      <Filter>Headerdateien</Filter>
    </ClInclude>
    <ClInclude Include="Include\spirv-tools\linker.hpp">
      <Filter>Headerdateien</Filter>
    </ClInclude>
    <ClInclude Include="Include\spirv-tools\optimizer.hpp">
      <Filter>Headerdateien</Filter>
    </ClInclude>
    <ClInclude Include="Include\vk_video\vulkan_video_codec_h264std.h">
      <Filter>Headerdateien</Filter>
    </ClInclude>
    <ClInclude Include="Include\vk_video\vulkan_video_codec_h264std_decode.h">
      <Filter>Headerdateien</Filter>
    </ClInclude>
    <ClInclude Include="Include\vk_video\vulkan_video_codec_h264std_encode.h">
      <Filter>Headerdateien</Filter>
    </ClInclude>
    <ClInclude Include="Include\vk_video\vulkan_video_codec_h265std.h">
      <Filter>Headerdateien</Filter>
    </ClInclude>
    <ClInclude Include="Include\vk_video\vulkan_video_codec_h265std_decode.h">
      <Filter>Headerdateien</Filter>
    </ClInclude>
    <ClInclude Include="Include\vk_video\vulkan_video_codec_h265std_encode.h">
      <Filter>Headerdateien</Filter>
    </ClInclude>
    <ClInclude Include="Include\vk_video\vulkan_video_codecs_common.h">
      <Filter>Headerdateien</Filter>
    </ClInclude>
    <ClInclude Include="Include\vulkan\vk_enum_string_helper.h">
      <Filter>Headerdateien</Filter>
    </ClInclude>
    <ClInclude Include="Include\vulkan\vk_icd.h">
      <Filter>Headerdateien</Filter>
    </ClInclude>
    <ClInclude Include="Include\vulkan\vk_layer.h">
      <Filter>Headerdateien</Filter>
    </ClInclude>
    <ClInclude Include="Include\vulkan\vk_platform.h">
      <Filter>Headerdateien</Filter>
    </ClInclude>
    <ClInclude Include="Include\vulkan\vk_sdk_platform.h">
      <Filter>Headerdateien</Filter>
    </ClInclude>
    <ClInclude Include="Include\vulkan\vulkan.h">
      <Filter>Headerdateien</Filter>
    </ClInclude>
    <ClInclude Include="Include\vulkan\vulkan.hpp">
      <Filter>Headerdateien</Filter>
    </ClInclude>
    <ClInclude Include="Include\vulkan\vulkan_android.h">
      <Filter>Headerdateien</Filter>
    </ClInclude>
    <ClInclude Include="Include\vulkan\vulkan_beta.h">
      <Filter>Headerdateien</Filter>
    </ClInclude>
    <ClInclude Include="Include\vulkan\vulkan_core.h">
      <Filter>Headerdateien</Filter>
    </ClInclude>
    <ClInclude Include="Include\vulkan\vulkan_directfb.h">
      <Filter>Headerdateien</Filter>
    </ClInclude>
    <ClInclude Include="Include\vulkan\vulkan_enums.hpp">
      <Filter>Headerdateien</Filter>
    </ClInclude>
    <ClInclude Include="Include\vulkan\vulkan_format_traits.hpp">
      <Filter>Headerdateien</Filter>
    </ClInclude>
    <ClInclude Include="Include\vulkan\vulkan_fuchsia.h">
      <Filter>Headerdateien</Filter>
    </ClInclude>
    <ClInclude Include="Include\vulkan\vulkan_funcs.hpp">
      <Filter>Headerdateien</Filter>
    </ClInclude>
    <ClInclude Include="Include\vulkan\vulkan_ggp.h">
      <Filter>Headerdateien</Filter>
    </ClInclude>
    <ClInclude Include="Include\vulkan\vulkan_handles.hpp">
      <Filter>Headerdateien</Filter>
    </ClInclude>
    <ClInclude Include="Include\vulkan\vulkan_hash.hpp">
      <Filter>Headerdateien</Filter>
    </ClInclude>
    <ClInclude Include="Include\vulkan\vulkan_ios.h">
      <Filter>Headerdateien</Filter>
    </ClInclude>
    <ClInclude Include="Include\vulkan\vulkan_macos.h">
      <Filter>Headerdateien</Filter>
    </ClInclude>
    <ClInclude Include="Include\vulkan\vulkan_metal.h">
      <Filter>Headerdateien</Filter>
    </ClInclude>
    <ClInclude Include="Include\vulkan\vulkan_profiles.h">
      <Filter>Headerdateien</Filter>
    </ClInclude>
    <ClInclude Include="Include\vulkan\vulkan_profiles.hpp">
      <Filter>Headerdateien</Filter>
    </ClInclude>
    <ClInclude Include="Include\vulkan\vulkan_raii.hpp">
      <Filter>Headerdateien</Filter>
    </ClInclude>
    <ClInclude Include="Include\vulkan\vulkan_screen.h">
      <Filter>Headerdateien</Filter>
    </ClInclude>
    <ClInclude Include="Include\vulkan\vulkan_structs.hpp">
      <Filter>Headerdateien</Filter>
    </ClInclude>
    <ClInclude Include="Include\vulkan\vulkan_to_string.hpp">
      <Filter>Headerdateien</Filter>
    </ClInclude>
    <ClInclude Include="Include\vulkan\vulkan_vi.h">
      <Filter>Headerdateien</Filter>
    </ClInclude>
    <ClInclude Include="Include\vulkan\vulkan_wayland.h">
      <Filter>Headerdateien</Filter>
    </ClInclude>
    <ClInclude Include="Include\vulkan\vulkan_win32.h">
      <Filter>Headerdateien</Filter>
    </ClInclude>
    <ClInclude Include="Include\vulkan\vulkan_xcb.h">
      <Filter>Headerdateien</Filter>
    </ClInclude>
    <ClInclude Include="Include\vulkan\vulkan_xlib.h">
      <Filter>Headerdateien</Filter>
    </ClInclude>
  </ItemGroup>
  <ItemGroup>
    <None Include="Include\spirv-headers\spirv.hpp11" />
    <None Include="Include\spirv-headers\spirv.json" />
    <None Include="Include\spirv-headers\spirv.lua" />
    <None Include="Include\spirv-headers\spirv.py" />
  </ItemGroup>
</Project>